
Microsoft Visual Studio Solution File, Format Version 12.00
# Visual Studio 14
VisualStudioVersion = 14.0.25420.1
MinimumVisualStudioVersion = 10.0.40219.1
Project("{2150E333-8FDC-42A3-9474-1A3956D46DE8}") = ".NET4.5", ".NET4.5", "{198C2825-57C7-4E7D-A4E2-34924AC36A3D}"
EndProject
Project("{FAE04EC0-301F-11D3-BF4B-00C04F79EFBC}") = "SVPS", ".NET4.5\SVPS\SVPS.csproj", "{709245E2-D281-41D6-9902-C10253B2D273}"
EndProject
Project("{FAE04EC0-301F-11D3-BF4B-00C04F79EFBC}") = "SVPS.Appearance", ".NET4.5\SVPS.Appearance\SVPS.Appearance.csproj", "{D569ED20-CE42-4A9D-A336-EA027B300CD8}"
EndProject
Project("{FAE04EC0-301F-11D3-BF4B-00C04F79EFBC}") = "SVPS.DataSource", ".NET4.5\SVPS.DataSource\SVPS.DataSource.csproj", "{E01AF645-930D-43A9-A6C2-A24AA6C64E52}"
EndProject
Project("{FAE04EC0-301F-11D3-BF4B-00C04F79EFBC}") = "SVPS.Applus", ".NET4.5\SVPS.Applus\SVPS.Applus.csproj", "{65B8DC50-EC2D-45FF-8709-42FBD949E3FF}"
EndProject
Project("{FAE04EC0-301F-11D3-BF4B-00C04F79EFBC}") = "SVPS.Core", ".NET4.5\SVPS.Core\SVPS.Core.csproj", "{A5CFAC71-F095-4A74-8495-53DB0F4FCCEB}"
EndProject
Project("{FAE04EC0-301F-11D3-BF4B-00C04F79EFBC}") = "SVPS.Data", ".NET4.5\SVPS.Data\SVPS.Data.csproj", "{946498BE-4605-46DC-908F-3CE2C724EC21}"
EndProject
Project("{FAE04EC0-301F-11D3-BF4B-00C04F79EFBC}") = "SVPS.Common", ".NET4.5\SVPS.Common\SVPS.Common.csproj", "{6C98DE4B-8027-420A-862B-3B0C06400836}"
EndProject
Project("{FAE04EC0-301F-11D3-BF4B-00C04F79EFBC}") = "SVPS.Contrib", ".NET4.5\SVPS.Contrib\SVPS.Contrib.csproj", "{26938D63-C560-4A05-9CE5-121C65997BC9}"
EndProject
Project("{FAE04EC0-301F-11D3-BF4B-00C04F79EFBC}") = "SVPC", "..\SVPC\SVPC\SVPC.csproj", "{F67D1D24-F605-4096-93C8-95068D5A0E6E}"
EndProject
Project("{2150E333-8FDC-42A3-9474-1A3956D46DE8}") = "Library", "Library", "{B03C7760-1EBE-406D-B748-356E22B59759}"
EndProject
Project("{2150E333-8FDC-42A3-9474-1A3956D46DE8}") = "Contribution", "Contribution", "{C9C649B2-F64B-4F4B-A963-55AB3BF1A6C9}"
EndProject
Project("{FAE04EC0-301F-11D3-BF4B-00C04F79EFBC}") = "Akalib", "..\Contribution\Akalib\.NET4.5\Akalib\Akalib.csproj", "{AC9A53E6-25C0-4465-8F91-671DE8D9573E}"
EndProject
Project("{FAE04EC0-301F-11D3-BF4B-00C04F79EFBC}") = "Akalib.Wpf", "..\Contribution\Akalib\.NET4.5\Akalib.Wpf\Akalib.Wpf.csproj", "{B55F2D6B-B39F-4431-94D2-BEE0B7AB974E}"
EndProject
Project("{FAE04EC0-301F-11D3-BF4B-00C04F79EFBC}") = "Akalib.Wpf.Mvvm", "..\Contribution\Akalib\.NET4.5\Akalib.Wpf.Mvvm\Akalib.Wpf.Mvvm.csproj", "{3821A2C9-9111-4623-AE66-D9355A5AAA0A}"
EndProject
Project("{FAE04EC0-301F-11D3-BF4B-00C04F79EFBC}") = "QuickZip.UserControls", "..\Contribution\QuickZip.UserControls\QuickZip.UserControls.csproj", "{AED294F4-F7F7-4286-88D0-0122846CA526}"
EndProject
Project("{FAE04EC0-301F-11D3-BF4B-00C04F79EFBC}") = "SVPCONT", "..\SVPCONT\SVPCONT\SVPCONT.csproj", "{01302BF7-4AE1-49EC-B39E-A2759F86D29F}"
EndProject
Project("{2150E333-8FDC-42A3-9474-1A3956D46DE8}") = "Functions", "Functions", "{0370C684-B55D-4B7E-9D49-A1677DE5A414}"
EndProject
Project("{2150E333-8FDC-42A3-9474-1A3956D46DE8}") = "Apps", "Apps", "{B874A4BF-53F3-4173-ABD6-70FA40979F47}"
EndProject
Project("{FAE04EC0-301F-11D3-BF4B-00C04F79EFBC}") = "SVPS.Apps.Sample", "Functions\Apps\SVPS.Apps.Sample\SVPS.Apps.Sample.csproj", "{19ABC4DA-8F87-453F-96F6-43CB324CCAC6}"
EndProject
Project("{FAE04EC0-301F-11D3-BF4B-00C04F79EFBC}") = "SVPS.Functions.Appearance", "Functions\SVPS.Functions.Appearance\SVPS.Functions.Appearance.csproj", "{7B1F806C-3324-4A89-B8E0-90093BDECC3D}"
EndProject
Project("{FAE04EC0-301F-11D3-BF4B-00C04F79EFBC}") = "SVPS.Apps.Vfs", "Functions\Apps\SVPS.Apps.Vfs\SVPS.Apps.Vfs.csproj", "{165A86EC-4879-4BC7-AB4B-DD1568095CA4}"
EndProject
Project("{FAE04EC0-301F-11D3-BF4B-00C04F79EFBC}") = "SVPS.Apps.Ctm", "Functions\Apps\SVPS.Apps.Ctm\SVPS.Apps.Ctm.csproj", "{3AB44A98-5983-451B-A8D3-9E2679BBEC62}"
EndProject
Project("{FAE04EC0-301F-11D3-BF4B-00C04F79EFBC}") = "SVPS.Apps.Recommend", "Functions\Apps\SVPS.Apps.Recommend\SVPS.Apps.Recommend.csproj", "{0B967DDB-0C42-4232-89A7-97BA5E62C627}"
EndProject
Project("{FAE04EC0-301F-11D3-BF4B-00C04F79EFBC}") = "SVPS.Apps.Common", "Functions\SVPS.Apps.Common\SVPS.Apps.Common.csproj", "{01F5EE07-B882-410C-AFC6-6A4556C40B2B}"
EndProject
Global
	GlobalSection(SolutionConfigurationPlatforms) = preSolution
		Debug|Any CPU = Debug|Any CPU
		Release|Any CPU = Release|Any CPU
	EndGlobalSection
	GlobalSection(ProjectConfigurationPlatforms) = postSolution
		{709245E2-D281-41D6-9902-C10253B2D273}.Debug|Any CPU.ActiveCfg = Debug|Any CPU
		{709245E2-D281-41D6-9902-C10253B2D273}.Debug|Any CPU.Build.0 = Debug|Any CPU
		{709245E2-D281-41D6-9902-C10253B2D273}.Release|Any CPU.ActiveCfg = Release|Any CPU
		{709245E2-D281-41D6-9902-C10253B2D273}.Release|Any CPU.Build.0 = Release|Any CPU
		{D569ED20-CE42-4A9D-A336-EA027B300CD8}.Debug|Any CPU.ActiveCfg = Debug|Any CPU
		{D569ED20-CE42-4A9D-A336-EA027B300CD8}.Debug|Any CPU.Build.0 = Debug|Any CPU
		{D569ED20-CE42-4A9D-A336-EA027B300CD8}.Release|Any CPU.ActiveCfg = Release|Any CPU
		{D569ED20-CE42-4A9D-A336-EA027B300CD8}.Release|Any CPU.Build.0 = Release|Any CPU
		{E01AF645-930D-43A9-A6C2-A24AA6C64E52}.Debug|Any CPU.ActiveCfg = Debug|Any CPU
		{E01AF645-930D-43A9-A6C2-A24AA6C64E52}.Debug|Any CPU.Build.0 = Debug|Any CPU
		{E01AF645-930D-43A9-A6C2-A24AA6C64E52}.Release|Any CPU.ActiveCfg = Release|Any CPU
		{E01AF645-930D-43A9-A6C2-A24AA6C64E52}.Release|Any CPU.Build.0 = Release|Any CPU
		{65B8DC50-EC2D-45FF-8709-42FBD949E3FF}.Debug|Any CPU.ActiveCfg = Debug|Any CPU
		{65B8DC50-EC2D-45FF-8709-42FBD949E3FF}.Debug|Any CPU.Build.0 = Debug|Any CPU
		{65B8DC50-EC2D-45FF-8709-42FBD949E3FF}.Release|Any CPU.ActiveCfg = Release|Any CPU
		{65B8DC50-EC2D-45FF-8709-42FBD949E3FF}.Release|Any CPU.Build.0 = Release|Any CPU
		{A5CFAC71-F095-4A74-8495-53DB0F4FCCEB}.Debug|Any CPU.ActiveCfg = Debug|Any CPU
		{A5CFAC71-F095-4A74-8495-53DB0F4FCCEB}.Debug|Any CPU.Build.0 = Debug|Any CPU
		{A5CFAC71-F095-4A74-8495-53DB0F4FCCEB}.Release|Any CPU.ActiveCfg = Release|Any CPU
		{A5CFAC71-F095-4A74-8495-53DB0F4FCCEB}.Release|Any CPU.Build.0 = Release|Any CPU
		{946498BE-4605-46DC-908F-3CE2C724EC21}.Debug|Any CPU.ActiveCfg = Debug|Any CPU
		{946498BE-4605-46DC-908F-3CE2C724EC21}.Debug|Any CPU.Build.0 = Debug|Any CPU
		{946498BE-4605-46DC-908F-3CE2C724EC21}.Release|Any CPU.ActiveCfg = Release|Any CPU
		{946498BE-4605-46DC-908F-3CE2C724EC21}.Release|Any CPU.Build.0 = Release|Any CPU
		{6C98DE4B-8027-420A-862B-3B0C06400836}.Debug|Any CPU.ActiveCfg = Debug|Any CPU
		{6C98DE4B-8027-420A-862B-3B0C06400836}.Debug|Any CPU.Build.0 = Debug|Any CPU
		{6C98DE4B-8027-420A-862B-3B0C06400836}.Release|Any CPU.ActiveCfg = Release|Any CPU
		{6C98DE4B-8027-420A-862B-3B0C06400836}.Release|Any CPU.Build.0 = Release|Any CPU
		{26938D63-C560-4A05-9CE5-121C65997BC9}.Debug|Any CPU.ActiveCfg = Debug|Any CPU
		{26938D63-C560-4A05-9CE5-121C65997BC9}.Debug|Any CPU.Build.0 = Debug|Any CPU
		{26938D63-C560-4A05-9CE5-121C65997BC9}.Release|Any CPU.ActiveCfg = Release|Any CPU
		{26938D63-C560-4A05-9CE5-121C65997BC9}.Release|Any CPU.Build.0 = Release|Any CPU
		{F67D1D24-F605-4096-93C8-95068D5A0E6E}.Debug|Any CPU.ActiveCfg = Debug|Any CPU
		{F67D1D24-F605-4096-93C8-95068D5A0E6E}.Debug|Any CPU.Build.0 = Debug|Any CPU
		{F67D1D24-F605-4096-93C8-95068D5A0E6E}.Release|Any CPU.ActiveCfg = Release|Any CPU
		{F67D1D24-F605-4096-93C8-95068D5A0E6E}.Release|Any CPU.Build.0 = Release|Any CPU
		{AC9A53E6-25C0-4465-8F91-671DE8D9573E}.Debug|Any CPU.ActiveCfg = Debug|Any CPU
		{AC9A53E6-25C0-4465-8F91-671DE8D9573E}.Debug|Any CPU.Build.0 = Debug|Any CPU
		{AC9A53E6-25C0-4465-8F91-671DE8D9573E}.Release|Any CPU.ActiveCfg = Release|Any CPU
		{AC9A53E6-25C0-4465-8F91-671DE8D9573E}.Release|Any CPU.Build.0 = Release|Any CPU
		{B55F2D6B-B39F-4431-94D2-BEE0B7AB974E}.Debug|Any CPU.ActiveCfg = Debug|Any CPU
		{B55F2D6B-B39F-4431-94D2-BEE0B7AB974E}.Debug|Any CPU.Build.0 = Debug|Any CPU
		{B55F2D6B-B39F-4431-94D2-BEE0B7AB974E}.Release|Any CPU.ActiveCfg = Release|Any CPU
		{B55F2D6B-B39F-4431-94D2-BEE0B7AB974E}.Release|Any CPU.Build.0 = Release|Any CPU
		{3821A2C9-9111-4623-AE66-D9355A5AAA0A}.Debug|Any CPU.ActiveCfg = Debug|Any CPU
		{3821A2C9-9111-4623-AE66-D9355A5AAA0A}.Debug|Any CPU.Build.0 = Debug|Any CPU
		{3821A2C9-9111-4623-AE66-D9355A5AAA0A}.Release|Any CPU.ActiveCfg = Release|Any CPU
		{3821A2C9-9111-4623-AE66-D9355A5AAA0A}.Release|Any CPU.Build.0 = Release|Any CPU
		{AED294F4-F7F7-4286-88D0-0122846CA526}.Debug|Any CPU.ActiveCfg = Debug|Any CPU
		{AED294F4-F7F7-4286-88D0-0122846CA526}.Debug|Any CPU.Build.0 = Debug|Any CPU
		{AED294F4-F7F7-4286-88D0-0122846CA526}.Release|Any CPU.ActiveCfg = Release|Any CPU
		{AED294F4-F7F7-4286-88D0-0122846CA526}.Release|Any CPU.Build.0 = Release|Any CPU
		{01302BF7-4AE1-49EC-B39E-A2759F86D29F}.Debug|Any CPU.ActiveCfg = Debug|Any CPU
		{01302BF7-4AE1-49EC-B39E-A2759F86D29F}.Debug|Any CPU.Build.0 = Debug|Any CPU
		{01302BF7-4AE1-49EC-B39E-A2759F86D29F}.Release|Any CPU.ActiveCfg = Release|Any CPU
		{01302BF7-4AE1-49EC-B39E-A2759F86D29F}.Release|Any CPU.Build.0 = Release|Any CPU
		{19ABC4DA-8F87-453F-96F6-43CB324CCAC6}.Debug|Any CPU.ActiveCfg = Debug|Any CPU
		{19ABC4DA-8F87-453F-96F6-43CB324CCAC6}.Debug|Any CPU.Build.0 = Debug|Any CPU
		{19ABC4DA-8F87-453F-96F6-43CB324CCAC6}.Release|Any CPU.ActiveCfg = Release|Any CPU
		{19ABC4DA-8F87-453F-96F6-43CB324CCAC6}.Release|Any CPU.Build.0 = Release|Any CPU
		{7B1F806C-3324-4A89-B8E0-90093BDECC3D}.Debug|Any CPU.ActiveCfg = Debug|Any CPU
		{7B1F806C-3324-4A89-B8E0-90093BDECC3D}.Debug|Any CPU.Build.0 = Debug|Any CPU
		{7B1F806C-3324-4A89-B8E0-90093BDECC3D}.Release|Any CPU.ActiveCfg = Release|Any CPU
		{7B1F806C-3324-4A89-B8E0-90093BDECC3D}.Release|Any CPU.Build.0 = Release|Any CPU
		{165A86EC-4879-4BC7-AB4B-DD1568095CA4}.Debug|Any CPU.ActiveCfg = Debug|Any CPU
		{165A86EC-4879-4BC7-AB4B-DD1568095CA4}.Debug|Any CPU.Build.0 = Debug|Any CPU
		{165A86EC-4879-4BC7-AB4B-DD1568095CA4}.Release|Any CPU.ActiveCfg = Release|Any CPU
		{165A86EC-4879-4BC7-AB4B-DD1568095CA4}.Release|Any CPU.Build.0 = Release|Any CPU
		{3AB44A98-5983-451B-A8D3-9E2679BBEC62}.Debug|Any CPU.ActiveCfg = Debug|Any CPU
		{3AB44A98-5983-451B-A8D3-9E2679BBEC62}.Debug|Any CPU.Build.0 = Debug|Any CPU
		{3AB44A98-5983-451B-A8D3-9E2679BBEC62}.Release|Any CPU.ActiveCfg = Release|Any CPU
		{3AB44A98-5983-451B-A8D3-9E2679BBEC62}.Release|Any CPU.Build.0 = Release|Any CPU
		{0B967DDB-0C42-4232-89A7-97BA5E62C627}.Debug|Any CPU.ActiveCfg = Debug|Any CPU
		{0B967DDB-0C42-4232-89A7-97BA5E62C627}.Debug|Any CPU.Build.0 = Debug|Any CPU
		{0B967DDB-0C42-4232-89A7-97BA5E62C627}.Release|Any CPU.ActiveCfg = Release|Any CPU
		{0B967DDB-0C42-4232-89A7-97BA5E62C627}.Release|Any CPU.Build.0 = Release|Any CPU
		{01F5EE07-B882-410C-AFC6-6A4556C40B2B}.Debug|Any CPU.ActiveCfg = Debug|Any CPU
		{01F5EE07-B882-410C-AFC6-6A4556C40B2B}.Debug|Any CPU.Build.0 = Debug|Any CPU
		{01F5EE07-B882-410C-AFC6-6A4556C40B2B}.Release|Any CPU.ActiveCfg = Release|Any CPU
		{01F5EE07-B882-410C-AFC6-6A4556C40B2B}.Release|Any CPU.Build.0 = Release|Any CPU
	EndGlobalSection
	GlobalSection(SolutionProperties) = preSolution
		HideSolutionNode = FALSE
	EndGlobalSection
	GlobalSection(NestedProjects) = preSolution
		{709245E2-D281-41D6-9902-C10253B2D273} = {198C2825-57C7-4E7D-A4E2-34924AC36A3D}
		{D569ED20-CE42-4A9D-A336-EA027B300CD8} = {198C2825-57C7-4E7D-A4E2-34924AC36A3D}
		{E01AF645-930D-43A9-A6C2-A24AA6C64E52} = {198C2825-57C7-4E7D-A4E2-34924AC36A3D}
		{65B8DC50-EC2D-45FF-8709-42FBD949E3FF} = {198C2825-57C7-4E7D-A4E2-34924AC36A3D}
		{A5CFAC71-F095-4A74-8495-53DB0F4FCCEB} = {198C2825-57C7-4E7D-A4E2-34924AC36A3D}
		{946498BE-4605-46DC-908F-3CE2C724EC21} = {198C2825-57C7-4E7D-A4E2-34924AC36A3D}
		{6C98DE4B-8027-420A-862B-3B0C06400836} = {198C2825-57C7-4E7D-A4E2-34924AC36A3D}
		{26938D63-C560-4A05-9CE5-121C65997BC9} = {198C2825-57C7-4E7D-A4E2-34924AC36A3D}
		{F67D1D24-F605-4096-93C8-95068D5A0E6E} = {B03C7760-1EBE-406D-B748-356E22B59759}
		{AC9A53E6-25C0-4465-8F91-671DE8D9573E} = {C9C649B2-F64B-4F4B-A963-55AB3BF1A6C9}
		{B55F2D6B-B39F-4431-94D2-BEE0B7AB974E} = {C9C649B2-F64B-4F4B-A963-55AB3BF1A6C9}
		{3821A2C9-9111-4623-AE66-D9355A5AAA0A} = {C9C649B2-F64B-4F4B-A963-55AB3BF1A6C9}
		{AED294F4-F7F7-4286-88D0-0122846CA526} = {C9C649B2-F64B-4F4B-A963-55AB3BF1A6C9}
		{01302BF7-4AE1-49EC-B39E-A2759F86D29F} = {B03C7760-1EBE-406D-B748-356E22B59759}
		{B874A4BF-53F3-4173-ABD6-70FA40979F47} = {0370C684-B55D-4B7E-9D49-A1677DE5A414}
		{19ABC4DA-8F87-453F-96F6-43CB324CCAC6} = {B874A4BF-53F3-4173-ABD6-70FA40979F47}
		{7B1F806C-3324-4A89-B8E0-90093BDECC3D} = {0370C684-B55D-4B7E-9D49-A1677DE5A414}
		{165A86EC-4879-4BC7-AB4B-DD1568095CA4} = {B874A4BF-53F3-4173-ABD6-70FA40979F47}
		{3AB44A98-5983-451B-A8D3-9E2679BBEC62} = {B874A4BF-53F3-4173-ABD6-70FA40979F47}
		{0B967DDB-0C42-4232-89A7-97BA5E62C627} = {B874A4BF-53F3-4173-ABD6-70FA40979F47}
		{01F5EE07-B882-410C-AFC6-6A4556C40B2B} = {0370C684-B55D-4B7E-9D49-A1677DE5A414}
	EndGlobalSection
EndGlobal
